{
  "object": {
    "pins": [
      {
        "package": "BetterSegmentedControl",
        "repositoryURL": "https://github.com/gmarm/BetterSegmentedControl",
        "state": {
          "branch": null,
          "revision": "3119ab5ccaf4c4a127aaa3620e3cbc9edf712d21",
          "version": "1.3.0"
        }
      },
      {
        "package": "KeyboardObserving",
        "repositoryURL": "https://github.com/nickffox/KeyboardObserving",
        "state": {
          "branch": null,
          "revision": "6d043ee2402ea4b827601f9b8edcc52a88aabff2",
          "version": "0.2.1"
        }
      }
    ]
  },
  "version": 1
}
